
Microsoft Visual Studio Solution File, Format Version 12.00
# Visual Studio Version 16
VisualStudioVersion = 16.0.31005.135
MinimumVisualStudioVersion = 10.0.40219.1
Project("{9A19103F-16F7-4668-BE54-9A1E7A4F7556}") = "PizzaParadise.DAL", "PizzaParadise.DAL\PizzaParadise.DAL.csproj", "{41163804-C8C1-4622-BA27-A929163BBF1D}"
EndProject
Project("{9A19103F-16F7-4668-BE54-9A1E7A4F7556}") = "PizzaParadise.Library", "PizzaParadise.Library\PizzaParadise.Library.csproj", "{2B1FA59D-9606-4EF9-A990-0BCC50EB9E8B}"
EndProject
Project("{9A19103F-16F7-4668-BE54-9A1E7A4F7556}") = "PizzaParadise.Tests", "PizzaParadise.Tests\PizzaParadise.Tests.csproj", "{BD70E7F4-BCFC-469E-AD15-91C6DF1E6FBC}"
EndProject
Project("{FAE04EC0-301F-11D3-BF4B-00C04F79EFBC}") = "PizzaParadise.WebUI", "PizzaParadise.WebUI\PizzaParadise.WebUI.csproj", "{C4E93B7E-89BF-43FF-A374-DF33FEC7525A}"
EndProject
Global
	GlobalSection(SolutionConfigurationPlatforms) = preSolution
		Debug|Any CPU = Debug|Any CPU
		Release|Any CPU = Release|Any CPU
	EndGlobalSection
	GlobalSection(ProjectConfigurationPlatforms) = postSolution
		{41163804-C8C1-4622-BA27-A929163BBF1D}.Debug|Any CPU.ActiveCfg = Debug|Any CPU
		{41163804-C8C1-4622-BA27-A929163BBF1D}.Debug|Any CPU.Build.0 = Debug|Any CPU
		{41163804-C8C1-4622-BA27-A929163BBF1D}.Release|Any CPU.ActiveCfg = Release|Any CPU
		{41163804-C8C1-4622-BA27-A929163BBF1D}.Release|Any CPU.Build.0 = Release|Any CPU
		{2B1FA59D-9606-4EF9-A990-0BCC50EB9E8B}.Debug|Any CPU.ActiveCfg = Debug|Any CPU
		{2B1FA59D-9606-4EF9-A990-0BCC50EB9E8B}.Debug|Any CPU.Build.0 = Debug|Any CPU
		{2B1FA59D-9606-4EF9-A990-0BCC50EB9E8B}.Release|Any CPU.ActiveCfg = Release|Any CPU
		{2B1FA59D-9606-4EF9-A990-0BCC50EB9E8B}.Release|Any CPU.Build.0 = Release|Any CPU
		{BD70E7F4-BCFC-469E-AD15-91C6DF1E6FBC}.Debug|Any CPU.ActiveCfg = Debug|Any CPU
		{BD70E7F4-BCFC-469E-AD15-91C6DF1E6FBC}.Debug|Any CPU.Build.0 = Debug|Any CPU
		{BD70E7F4-BCFC-469E-AD15-91C6DF1E6FBC}.Release|Any CPU.ActiveCfg = Release|Any CPU
		{BD70E7F4-BCFC-469E-AD15-91C6DF1E6FBC}.Release|Any CPU.Build.0 = Release|Any CPU
		{C4E93B7E-89BF-43FF-A374-DF33FEC7525A}.Debug|Any CPU.ActiveCfg = Debug|Any CPU
		{C4E93B7E-89BF-43FF-A374-DF33FEC7525A}.Debug|Any CPU.Build.0 = Debug|Any CPU
		{C4E93B7E-89BF-43FF-A374-DF33FEC7525A}.Release|Any CPU.ActiveCfg = Release|Any CPU
		{C4E93B7E-89BF-43FF-A374-DF33FEC7525A}.Release|Any CPU.Build.0 = Release|Any CPU
	EndGlobalSection
	GlobalSection(SolutionProperties) = preSolution
		HideSolutionNode = FALSE
	EndGlobalSection
	GlobalSection(ExtensibilityGlobals) = postSolution
		SolutionGuid = {52DF81CE-3F08-4E8E-BFBB-F47BC5F6A70F}
	EndGlobalSection
EndGlobal
